<Solution>
  <Folder Name="/1_CreationalPatterns/" />
  <Folder Name="/1_CreationalPatterns/AbstractFactoryDesignPattern/">
    <Project Path="AbstractFactoryDP/AbstractFactory.csproj" />
    <Project Path="AbstractFactoryExample/AbstractFactoryExample.csproj" />
  </Folder>
  <Folder Name="/1_CreationalPatterns/BuilderDesignPattern/">
    <Project Path="Builder/Builder.csproj" />
  </Folder>
  <Folder Name="/2_StructuralPatterns/" />
  <Folder Name="/3_BehavioralPatterns/" />
</Solution>
