<Solution>
  <Folder Name="/1_CreationalPatterns/" />
  <Folder Name="/1_CreationalPatterns/AbstractFactoryDesignPattern/">
    <Project Path="AbstractFactoryDP/AbstractFactory.csproj" />
    <Project Path="AbstractFactoryExample/AbstractFactoryExample.csproj" />
  </Folder>
  <Folder Name="/1_CreationalPatterns/BuilderDesignPattern/">
    <Project Path="Builder/Builder.csproj" />
    <Project Path="BuilderDesignPatternExample/BuilderDesignPatternExample.csproj" Id="46b89dbf-9013-4248-bc36-3d45b62379ec" />
  </Folder>
  <Folder Name="/1_CreationalPatterns/FactoryMethodDesignPattern/">
    <Project Path="FactoryMethod/FactoryMethod.csproj" Id="0aa0960e-6ff1-4ea5-81e9-8a7259f3b5bc" />
  </Folder>
  <Folder Name="/2_StructuralPatterns/" />
  <Folder Name="/3_BehavioralPatterns/" />
</Solution>
